// !$*UTF8*$!
{
	archiveVersion = 1;
	classes = {
	};
	objectVersion = 77;
	objects = {

/* Begin PBXBuildFile section */
		02C134286C4B417D1AF060DF /* ActionButtonsView.swift in Sources */ = {isa = PBXBuildFile; fileRef = 6A64DE6664C81E82AA4D8054 /* ActionButtonsView.swift */; };
		039F744E1918FABE31519289 /* DeviationFeedbackTests.swift in Sources */ = {isa = PBXBuildFile; fileRef = 80916791F08727E4F1F41C6E /* DeviationFeedbackTests.swift */; };
		03F7F5ECA52EBC1FAE906F90 /* FixtureModels.swift in Sources */ = {isa = PBXBuildFile; fileRef = 6EDEA06AB0AD95400DD8619E /* FixtureModels.swift */; };
		05A5C0884C0EF2BC7798201C /* DeviationsView.swift in Sources */ = {isa = PBXBuildFile; fileRef = 08D4FC18F08DE6A54FB21E10 /* DeviationsView.swift */; };
		0672F0196E2D44640C38AE91 /* ShoeFactory.swift in Sources */ = {isa = PBXBuildFile; fileRef = 1686420A2590C6534E31F3E2 /* ShoeFactory.swift */; };
		0C9DCB1AD32F6624AB2541F4 /* AboutView.swift in Sources */ = {isa = PBXBuildFile; fileRef = 0E938F0CC74CC666924D7E3E /* AboutView.swift */; };
		11723EBF74A70F6A5257E0CD /* showdown-vectors.json in Resources */ = {isa = PBXBuildFile; fileRef = E96987FAD78F068E0FF56D55 /* showdown-vectors.json */; };
		15D8DA3209658F589B896F3D /* Shoe.swift in Sources */ = {isa = PBXBuildFile; fileRef = EEF70F593374993ECA4C38A4 /* Shoe.swift */; };
		1725C1780292E9BEAB8D9C6B /* StatsPanelView.swift in Sources */ = {isa = PBXBuildFile; fileRef = DE80FB44276C2813F39EC18F /* StatsPanelView.swift */; };
		1D678812320D7F3EB2147C24 /* AppModelTests.swift in Sources */ = {isa = PBXBuildFile; fileRef = 6E38CEB24905B810A63FC4E4 /* AppModelTests.swift */; };
		26F2A7EFD436472155454735 /* DeviationScenarioGenerator.swift in Sources */ = {isa = PBXBuildFile; fileRef = AACC2CA555089684205FE973 /* DeviationScenarioGenerator.swift */; };
		284AFBB818EAAC119ACBFDFC /* counting-systems.json in Resources */ = {isa = PBXBuildFile; fileRef = D9BB02017204C216ACEDAB62 /* counting-systems.json */; };
		2C2BD8A7B0B54F9C5D1A3704 /* charts.json in Resources */ = {isa = PBXBuildFile; fileRef = A6556669B8FAFE12C55367F9 /* charts.json */; };
		2D528424128E711BB0F538BD /* CountAnswerView.swift in Sources */ = {isa = PBXBuildFile; fileRef = 232402DABC1D385D19FC8B05 /* CountAnswerView.swift */; };
		2DE5D31F660953706B611AC6 /* DeckEstimateView.swift in Sources */ = {isa = PBXBuildFile; fileRef = 501FF9BB16087E1BE634AD19 /* DeckEstimateView.swift */; };
		305BF7C658768E40E98B280B /* charts.json in Resources */ = {isa = PBXBuildFile; fileRef = A6556669B8FAFE12C55367F9 /* charts.json */; };
		30715FEEF950524036747DC0 /* SharedComponentsTests.swift in Sources */ = {isa = PBXBuildFile; fileRef = 645F62DA06D6384BB1E98209 /* SharedComponentsTests.swift */; };
		320D2B7B79708BB8EA3EA3D5 /* GameData.swift in Sources */ = {isa = PBXBuildFile; fileRef = 2E31BAB1CB5F4A5CE16EFDD5 /* GameData.swift */; };
		33492E9B5E4EF3FF48BC4CE1 /* CountingDrillTests.swift in Sources */ = {isa = PBXBuildFile; fileRef = 705F836831ED5AA3612EC1A6 /* CountingDrillTests.swift */; };
		386E32FE6EC444B9D31E527A /* basic-strategy-vectors.json in Resources */ = {isa = PBXBuildFile; fileRef = D52EF9B7479E51758C09565B /* basic-strategy-vectors.json */; };
		3A74F45037FD6FA9B90F07CE /* BasicStrategyView.swift in Sources */ = {isa = PBXBuildFile; fileRef = 17D37EE0DCEE76979C4B31A9 /* BasicStrategyView.swift */; };
		3D06500A85C04C83F3E882BD /* StatsModels.swift in Sources */ = {isa = PBXBuildFile; fileRef = 2A3B7FB8E53D8E1DEAAEE93B /* StatsModels.swift */; };
		3FD4BF64CAFAE561BCADE811 /* FeedbackShellView.swift in Sources */ = {isa = PBXBuildFile; fileRef = A06878A6AE71D6BE3C20EB17 /* FeedbackShellView.swift */; };
		45BA9B9281DD3E44F7D4BBEE /* RootTabView.swift in Sources */ = {isa = PBXBuildFile; fileRef = CA392F4E4A34C3BC514E68A8 /* RootTabView.swift */; };
		488D636848CD51976F413918 /* AUTHORS.txt in Resources */ = {isa = PBXBuildFile; fileRef = 25A35DC18D354F2C90FF460B /* AUTHORS.txt */; };
		4C357F27214321B492EA280F /* DeviationTrainer.swift in Sources */ = {isa = PBXBuildFile; fileRef = C64CBE362221FD3923975DBF /* DeviationTrainer.swift */; };
		4DC171F2E11923E6F13DE2DF /* CardImageTests.swift in Sources */ = {isa = PBXBuildFile; fileRef = C7D35732C70EB138CD4848D4 /* CardImageTests.swift */; };
		53E0D784E52D67FE0E0D7D30 /* CardGenerator.swift in Sources */ = {isa = PBXBuildFile; fileRef = 2705BBD8AAF017C2486055AE /* CardGenerator.swift */; };
		5426F4C307C738A4E0CDD151 /* CountingView.swift in Sources */ = {isa = PBXBuildFile; fileRef = E69A95A626303D8499464CCC /* CountingView.swift */; };
		5486C1B108D1CEE024BC8BE8 /* RuleControlsView.swift in Sources */ = {isa = PBXBuildFile; fileRef = C4278214D3A2C4A4D26D871E /* RuleControlsView.swift */; };
		55C4A5D71E0995E7E51A7E45 /* CardHandTests.swift in Sources */ = {isa = PBXBuildFile; fileRef = 22F61940A575094590E7A1D7 /* CardHandTests.swift */; };
		5ACE6A73BE71B4664EF7B2BD /* SmokeTests.swift in Sources */ = {isa = PBXBuildFile; fileRef = 0CDF8C0414B1B8AF850B0DF5 /* SmokeTests.swift */; };
		5AF9B9674E93ACAEF2C9D226 /* Deviation.swift in Sources */ = {isa = PBXBuildFile; fileRef = 0896F4168F59A3A9EBFF7CDE /* Deviation.swift */; };
		5DB30E135B7A136CDC249DC4 /* CountingSystem.swift in Sources */ = {isa = PBXBuildFile; fileRef = 12BE32AD13FB36B33BAA1B8A /* CountingSystem.swift */; };
		6513222E1254F0172453951E /* DataLayerTests.swift in Sources */ = {isa = PBXBuildFile; fileRef = BA0B879E8B1D853622E0CC86 /* DataLayerTests.swift */; };
		6E1A2AA4CC616FC93B1C6DBD /* DeviationEngine.swift in Sources */ = {isa = PBXBuildFile; fileRef = F423E49F3EE23CE7C3E35ABB /* DeviationEngine.swift */; };
		71E8DC4F7A50BA7406DE81F9 /* Theme.swift in Sources */ = {isa = PBXBuildFile; fileRef = 70F62C66DE7F2F32BDF25DEE /* Theme.swift */; };
		7208BDF07124A909B973F40D /* counting-systems.json in Resources */ = {isa = PBXBuildFile; fileRef = D9BB02017204C216ACEDAB62 /* counting-systems.json */; };
		737978C330F4F9CB41FDC9FF /* COPYING.LESSER.txt in Resources */ = {isa = PBXBuildFile; fileRef = 4C391C226F94DEFB8E908E8A /* COPYING.LESSER.txt */; };
		751F87683B0C43F746AE71BE /* CardGeneratorTests.swift in Sources */ = {isa = PBXBuildFile; fileRef = D07A16802F2169B099AE3D66 /* CardGeneratorTests.swift */; };
		8124C2BFD8BA1EE68E269E3C /* DeviationScenarioGeneratorTests.swift in Sources */ = {isa = PBXBuildFile; fileRef = CCFA223B9420BDC9AD027B73 /* DeviationScenarioGeneratorTests.swift */; };
		846B2EEF3BB562DEE492DE65 /* CountFeedbackView.swift in Sources */ = {isa = PBXBuildFile; fileRef = 3F0F142E7986FA01C30FBDC9 /* CountFeedbackView.swift */; };
		8A5FCA013C37B817EE6309EA /* ShowdownView.swift in Sources */ = {isa = PBXBuildFile; fileRef = 165C075DFEF13830088AC4E9 /* ShowdownView.swift */; };
		8BF8225B5B5683063C0901C3 /* deviation-vectors.json in Resources */ = {isa = PBXBuildFile; fileRef = 15F33EF1E2388D4C0EE28E6B /* deviation-vectors.json */; };
		8F6FD9EB91B2EBBFAE4EC568 /* StrategyChart.swift in Sources */ = {isa = PBXBuildFile; fileRef = 78DC33D28D09EB8697F6D833 /* StrategyChart.swift */; };
		94843E9634E49F20DAD75618 /* AppModel.swift in Sources */ = {isa = PBXBuildFile; fileRef = 45B95CDB1F240EEC3FC88326 /* AppModel.swift */; };
		98D26850C6A96B642A438808 /* BasicStrategyParityTests.swift in Sources */ = {isa = PBXBuildFile; fileRef = 825AB70D2C6317662368AC83 /* BasicStrategyParityTests.swift */; };
		9C4B22D42A6A12BC4DC5C62E /* ShoeFactoryTests.swift in Sources */ = {isa = PBXBuildFile; fileRef = 3D44944317BBDF4871E4996D /* ShoeFactoryTests.swift */; };
		9D8B454F0AC4F6A999B78902 /* CHANGELOG.txt in Resources */ = {isa = PBXBuildFile; fileRef = C9A9A50BB9ED98356FA418FB /* CHANGELOG.txt */; };
		A0FAF8E256C05D8BE1293316 /* StatsStore.swift in Sources */ = {isa = PBXBuildFile; fileRef = 92869AF24C67B01CE515A238 /* StatsStore.swift */; };
		A92CDBEB90E70B6B983D8C5D /* Keyboard.swift in Sources */ = {isa = PBXBuildFile; fileRef = B9F3808F8AC15DEF1BE4DE1B /* Keyboard.swift */; };
		AD5CA329F1BC4A32BF660060 /* DeviationParityTests.swift in Sources */ = {isa = PBXBuildFile; fileRef = 18C6C68585013F882B690DA5 /* DeviationParityTests.swift */; };
		AD8CEF17C16BE870BECFA4D3 /* BasicStrategyModelTests.swift in Sources */ = {isa = PBXBuildFile; fileRef = FC45F6CF6A7EA6DA43DE0C6C /* BasicStrategyModelTests.swift */; };
		AE6F2FE0E95A40C9E21207A8 /* CardImage.swift in Sources */ = {isa = PBXBuildFile; fileRef = D0DAE402AA61CF04300B0AF9 /* CardImage.swift */; };
		B5858C42E92C2DBF9419764B /* CountingModel.swift in Sources */ = {isa = PBXBuildFile; fileRef = 58E087668BAE429A0E764D17 /* CountingModel.swift */; };
		BA5DE4E164B9DD95D3D4D36A /* BasicStrategyEngine.swift in Sources */ = {isa = PBXBuildFile; fileRef = 412EEBB6BE3B2274CC4757FB /* BasicStrategyEngine.swift */; };
		BD6E7BF5AA767DA6D790CF8D /* CountingModelTests.swift in Sources */ = {isa = PBXBuildFile; fileRef = 01B4AFDADA3CF8230C9FA589 /* CountingModelTests.swift */; };
		C800EE2297C6AF0CB9999B6A /* CardCounting.swift in Sources */ = {isa = PBXBuildFile; fileRef = 7B1046B13D6373233EEA1F35 /* CardCounting.swift */; };
		CA4D608DD9DB115BD8BEDD6B /* CountingParityTests.swift in Sources */ = {isa = PBXBuildFile; fileRef = D730EDEF484D1CCCE5B281C1 /* CountingParityTests.swift */; };
		CCF53B5EC96C4C0EF2F84921 /* HardwareKeyboard.swift in Sources */ = {isa = PBXBuildFile; fileRef = 56D03F7A78236CB3E5505245 /* HardwareKeyboard.swift */; };
		CD5DF8C13DB099C1784832CB /* Showdown.swift in Sources */ = {isa = PBXBuildFile; fileRef = B174892CC11A60C0F530B406 /* Showdown.swift */; };
		D2AB7ED7BE3625300AACE48F /* ShowdownModelTests.swift in Sources */ = {isa = PBXBuildFile; fileRef = B1A14FE863E2084BF0AC794D /* ShowdownModelTests.swift */; };
		D64887099FD3A74A49D1E6DB /* COPYING.txt in Resources */ = {isa = PBXBuildFile; fileRef = D646C0CD8526C8E211E25C42 /* COPYING.txt */; };
		D83606F3A43703FD227F6FCA /* DeviationsModelTests.swift in Sources */ = {isa = PBXBuildFile; fileRef = 867510EEE90AB06BAEA53ECE /* DeviationsModelTests.swift */; };
		DAA0754AABD5AAFC8003BF86 /* Strategy.swift in Sources */ = {isa = PBXBuildFile; fileRef = 577C951192BCC781DBE8EBDD /* Strategy.swift */; };
		DB3622622CA10DC9E1416CE4 /* BlackjackTableView.swift in Sources */ = {isa = PBXBuildFile; fileRef = 6A15361EC27E9DF33A89716E /* BlackjackTableView.swift */; };
		DBE51B6B16BCDF2D61562892 /* counting-vectors.json in Resources */ = {isa = PBXBuildFile; fileRef = A039C5E6271C7F1C7AFECA72 /* counting-vectors.json */; };
		DDEAA480768F763AC0404C2B /* BlackjackTrainerApp.swift in Sources */ = {isa = PBXBuildFile; fileRef = C359E507A88490DEB624D413 /* BlackjackTrainerApp.swift */; };
		ED40B991FC2DEDC8BA58ADD7 /* Card.swift in Sources */ = {isa = PBXBuildFile; fileRef = AC3A18A1400C61F3B32D13F1 /* Card.swift */; };
		EE1BBDF8E6F169D9A24CDA81 /* ShowdownParityTests.swift in Sources */ = {isa = PBXBuildFile; fileRef = 786E4951CEEAFF7A09457F30 /* ShowdownParityTests.swift */; };
		EEAEAB42B68664042D826147 /* StatsStoreTests.swift in Sources */ = {isa = PBXBuildFile; fileRef = 40DA33CFF9EA9742E7504A05 /* StatsStoreTests.swift */; };
		F6C919CA4ED0021197E1F128 /* CountingEngine.swift in Sources */ = {isa = PBXBuildFile; fileRef = CF4D671AA4A053AF40395078 /* CountingEngine.swift */; };
		FB6013BDD0180F75072AE565 /* Assets.xcassets in Resources */ = {isa = PBXBuildFile; fileRef = BD423D666F3BBEA240356B18 /* Assets.xcassets */; };
		FCC977E6B3D658140C018C91 /* Fixtures.swift in Sources */ = {isa = PBXBuildFile; fileRef = 09C557C64B5EC75385C98395 /* Fixtures.swift */; };
		FECDA79A9CA43DFD1CAC1855 /* Hand.swift in Sources */ = {isa = PBXBuildFile; fileRef = E94C977CD3606FA31236F02A /* Hand.swift */; };
/* End PBXBuildFile section */

/* Begin PBXContainerItemProxy section */
		033E44E53D139C59D4161776 /* PBXContainerItemProxy */ = {
			isa = PBXContainerItemProxy;
			containerPortal = 641CD8DA4F1E7BE41FD6171C /* Project object */;
			proxyType = 1;
			remoteGlobalIDString = 29F08F9EE4597A6E8C6ECD80;
			remoteInfo = BlackjackTrainer;
		};
/* End PBXContainerItemProxy section */

/* Begin PBXFileReference section */
		01B4AFDADA3CF8230C9FA589 /* CountingModelTests.swift */ = {isa = PBXFileReference; lastKnownFileType = sourcecode.swift; path = CountingModelTests.swift; sourceTree = "<group>"; };
		0896F4168F59A3A9EBFF7CDE /* Deviation.swift */ = {isa = PBXFileReference; lastKnownFileType = sourcecode.swift; path = Deviation.swift; sourceTree = "<group>"; };
		08D4FC18F08DE6A54FB21E10 /* DeviationsView.swift */ = {isa = PBXFileReference; lastKnownFileType = sourcecode.swift; path = DeviationsView.swift; sourceTree = "<group>"; };
		09C557C64B5EC75385C98395 /* Fixtures.swift */ = {isa = PBXFileReference; lastKnownFileType = sourcecode.swift; path = Fixtures.swift; sourceTree = "<group>"; };
		0CDF8C0414B1B8AF850B0DF5 /* SmokeTests.swift */ = {isa = PBXFileReference; lastKnownFileType = sourcecode.swift; path = SmokeTests.swift; sourceTree = "<group>"; };
		0E938F0CC74CC666924D7E3E /* AboutView.swift */ = {isa = PBXFileReference; lastKnownFileType = sourcecode.swift; path = AboutView.swift; sourceTree = "<group>"; };
		12BE32AD13FB36B33BAA1B8A /* CountingSystem.swift */ = {isa = PBXFileReference; lastKnownFileType = sourcecode.swift; path = CountingSystem.swift; sourceTree = "<group>"; };
		15F33EF1E2388D4C0EE28E6B /* deviation-vectors.json */ = {isa = PBXFileReference; lastKnownFileType = text.json; path = "deviation-vectors.json"; sourceTree = "<group>"; };
		165C075DFEF13830088AC4E9 /* ShowdownView.swift */ = {isa = PBXFileReference; lastKnownFileType = sourcecode.swift; path = ShowdownView.swift; sourceTree = "<group>"; };
		1686420A2590C6534E31F3E2 /* ShoeFactory.swift */ = {isa = PBXFileReference; lastKnownFileType = sourcecode.swift; path = ShoeFactory.swift; sourceTree = "<group>"; };
		17D37EE0DCEE76979C4B31A9 /* BasicStrategyView.swift */ = {isa = PBXFileReference; lastKnownFileType = sourcecode.swift; path = BasicStrategyView.swift; sourceTree = "<group>"; };
		18C6C68585013F882B690DA5 /* DeviationParityTests.swift */ = {isa = PBXFileReference; lastKnownFileType = sourcecode.swift; path = DeviationParityTests.swift; sourceTree = "<group>"; };
		22F61940A575094590E7A1D7 /* CardHandTests.swift */ = {isa = PBXFileReference; lastKnownFileType = sourcecode.swift; path = CardHandTests.swift; sourceTree = "<group>"; };
		232402DABC1D385D19FC8B05 /* CountAnswerView.swift */ = {isa = PBXFileReference; lastKnownFileType = sourcecode.swift; path = CountAnswerView.swift; sourceTree = "<group>"; };
		25A35DC18D354F2C90FF460B /* AUTHORS.txt */ = {isa = PBXFileReference; lastKnownFileType = text; path = AUTHORS.txt; sourceTree = "<group>"; };
		2705BBD8AAF017C2486055AE /* CardGenerator.swift */ = {isa = PBXFileReference; lastKnownFileType = sourcecode.swift; path = CardGenerator.swift; sourceTree = "<group>"; };
		2A3B7FB8E53D8E1DEAAEE93B /* StatsModels.swift */ = {isa = PBXFileReference; lastKnownFileType = sourcecode.swift; path = StatsModels.swift; sourceTree = "<group>"; };
		2E31BAB1CB5F4A5CE16EFDD5 /* GameData.swift */ = {isa = PBXFileReference; lastKnownFileType = sourcecode.swift; path = GameData.swift; sourceTree = "<group>"; };
		3D44944317BBDF4871E4996D /* ShoeFactoryTests.swift */ = {isa = PBXFileReference; lastKnownFileType = sourcecode.swift; path = ShoeFactoryTests.swift; sourceTree = "<group>"; };
		3F0F142E7986FA01C30FBDC9 /* CountFeedbackView.swift */ = {isa = PBXFileReference; lastKnownFileType = sourcecode.swift; path = CountFeedbackView.swift; sourceTree = "<group>"; };
		40DA33CFF9EA9742E7504A05 /* StatsStoreTests.swift */ = {isa = PBXFileReference; lastKnownFileType = sourcecode.swift; path = StatsStoreTests.swift; sourceTree = "<group>"; };
		412EEBB6BE3B2274CC4757FB /* BasicStrategyEngine.swift */ = {isa = PBXFileReference; lastKnownFileType = sourcecode.swift; path = BasicStrategyEngine.swift; sourceTree = "<group>"; };
		45B95CDB1F240EEC3FC88326 /* AppModel.swift */ = {isa = PBXFileReference; lastKnownFileType = sourcecode.swift; path = AppModel.swift; sourceTree = "<group>"; };
		4C391C226F94DEFB8E908E8A /* COPYING.LESSER.txt */ = {isa = PBXFileReference; lastKnownFileType = text; path = COPYING.LESSER.txt; sourceTree = "<group>"; };
		501FF9BB16087E1BE634AD19 /* DeckEstimateView.swift */ = {isa = PBXFileReference; lastKnownFileType = sourcecode.swift; path = DeckEstimateView.swift; sourceTree = "<group>"; };
		56D03F7A78236CB3E5505245 /* HardwareKeyboard.swift */ = {isa = PBXFileReference; lastKnownFileType = sourcecode.swift; path = HardwareKeyboard.swift; sourceTree = "<group>"; };
		577C951192BCC781DBE8EBDD /* Strategy.swift */ = {isa = PBXFileReference; lastKnownFileType = sourcecode.swift; path = Strategy.swift; sourceTree = "<group>"; };
		58E087668BAE429A0E764D17 /* CountingModel.swift */ = {isa = PBXFileReference; lastKnownFileType = sourcecode.swift; path = CountingModel.swift; sourceTree = "<group>"; };
		5A74F8324193BA0A96DB8B29 /* BlackjackTrainerTests.xctest */ = {isa = PBXFileReference; includeInIndex = 0; lastKnownFileType = wrapper.cfbundle; path = BlackjackTrainerTests.xctest; sourceTree = BUILT_PRODUCTS_DIR; };
		645F62DA06D6384BB1E98209 /* SharedComponentsTests.swift */ = {isa = PBXFileReference; lastKnownFileType = sourcecode.swift; path = SharedComponentsTests.swift; sourceTree = "<group>"; };
		6A15361EC27E9DF33A89716E /* BlackjackTableView.swift */ = {isa = PBXFileReference; lastKnownFileType = sourcecode.swift; path = BlackjackTableView.swift; sourceTree = "<group>"; };
		6A64DE6664C81E82AA4D8054 /* ActionButtonsView.swift */ = {isa = PBXFileReference; lastKnownFileType = sourcecode.swift; path = ActionButtonsView.swift; sourceTree = "<group>"; };
		6E38CEB24905B810A63FC4E4 /* AppModelTests.swift */ = {isa = PBXFileReference; lastKnownFileType = sourcecode.swift; path = AppModelTests.swift; sourceTree = "<group>"; };
		6EDEA06AB0AD95400DD8619E /* FixtureModels.swift */ = {isa = PBXFileReference; lastKnownFileType = sourcecode.swift; path = FixtureModels.swift; sourceTree = "<group>"; };
		705F836831ED5AA3612EC1A6 /* CountingDrillTests.swift */ = {isa = PBXFileReference; lastKnownFileType = sourcecode.swift; path = CountingDrillTests.swift; sourceTree = "<group>"; };
		70F62C66DE7F2F32BDF25DEE /* Theme.swift */ = {isa = PBXFileReference; lastKnownFileType = sourcecode.swift; path = Theme.swift; sourceTree = "<group>"; };
		786E4951CEEAFF7A09457F30 /* ShowdownParityTests.swift */ = {isa = PBXFileReference; lastKnownFileType = sourcecode.swift; path = ShowdownParityTests.swift; sourceTree = "<group>"; };
		78DC33D28D09EB8697F6D833 /* StrategyChart.swift */ = {isa = PBXFileReference; lastKnownFileType = sourcecode.swift; path = StrategyChart.swift; sourceTree = "<group>"; };
		7B1046B13D6373233EEA1F35 /* CardCounting.swift */ = {isa = PBXFileReference; lastKnownFileType = sourcecode.swift; path = CardCounting.swift; sourceTree = "<group>"; };
		80916791F08727E4F1F41C6E /* DeviationFeedbackTests.swift */ = {isa = PBXFileReference; lastKnownFileType = sourcecode.swift; path = DeviationFeedbackTests.swift; sourceTree = "<group>"; };
		825AB70D2C6317662368AC83 /* BasicStrategyParityTests.swift */ = {isa = PBXFileReference; lastKnownFileType = sourcecode.swift; path = BasicStrategyParityTests.swift; sourceTree = "<group>"; };
		867510EEE90AB06BAEA53ECE /* DeviationsModelTests.swift */ = {isa = PBXFileReference; lastKnownFileType = sourcecode.swift; path = DeviationsModelTests.swift; sourceTree = "<group>"; };
		92869AF24C67B01CE515A238 /* StatsStore.swift */ = {isa = PBXFileReference; lastKnownFileType = sourcecode.swift; path = StatsStore.swift; sourceTree = "<group>"; };
		98AC306A85F2BCC5BE60F1E3 /* BlackjackTrainer.app */ = {isa = PBXFileReference; includeInIndex = 0; lastKnownFileType = wrapper.application; path = BlackjackTrainer.app; sourceTree = BUILT_PRODUCTS_DIR; };
		A039C5E6271C7F1C7AFECA72 /* counting-vectors.json */ = {isa = PBXFileReference; lastKnownFileType = text.json; path = "counting-vectors.json"; sourceTree = "<group>"; };
		A06878A6AE71D6BE3C20EB17 /* FeedbackShellView.swift */ = {isa = PBXFileReference; lastKnownFileType = sourcecode.swift; path = FeedbackShellView.swift; sourceTree = "<group>"; };
		A6556669B8FAFE12C55367F9 /* charts.json */ = {isa = PBXFileReference; lastKnownFileType = text.json; path = charts.json; sourceTree = "<group>"; };
		AACC2CA555089684205FE973 /* DeviationScenarioGenerator.swift */ = {isa = PBXFileReference; lastKnownFileType = sourcecode.swift; path = DeviationScenarioGenerator.swift; sourceTree = "<group>"; };
		AC3A18A1400C61F3B32D13F1 /* Card.swift */ = {isa = PBXFileReference; lastKnownFileType = sourcecode.swift; path = Card.swift; sourceTree = "<group>"; };
		B174892CC11A60C0F530B406 /* Showdown.swift */ = {isa = PBXFileReference; lastKnownFileType = sourcecode.swift; path = Showdown.swift; sourceTree = "<group>"; };
		B1A14FE863E2084BF0AC794D /* ShowdownModelTests.swift */ = {isa = PBXFileReference; lastKnownFileType = sourcecode.swift; path = ShowdownModelTests.swift; sourceTree = "<group>"; };
		B9F3808F8AC15DEF1BE4DE1B /* Keyboard.swift */ = {isa = PBXFileReference; lastKnownFileType = sourcecode.swift; path = Keyboard.swift; sourceTree = "<group>"; };
		BA0B879E8B1D853622E0CC86 /* DataLayerTests.swift */ = {isa = PBXFileReference; lastKnownFileType = sourcecode.swift; path = DataLayerTests.swift; sourceTree = "<group>"; };
		BD423D666F3BBEA240356B18 /* Assets.xcassets */ = {isa = PBXFileReference; lastKnownFileType = folder.assetcatalog; path = Assets.xcassets; sourceTree = "<group>"; };
		C359E507A88490DEB624D413 /* BlackjackTrainerApp.swift */ = {isa = PBXFileReference; lastKnownFileType = sourcecode.swift; path = BlackjackTrainerApp.swift; sourceTree = "<group>"; };
		C4278214D3A2C4A4D26D871E /* RuleControlsView.swift */ = {isa = PBXFileReference; lastKnownFileType = sourcecode.swift; path = RuleControlsView.swift; sourceTree = "<group>"; };
		C64CBE362221FD3923975DBF /* DeviationTrainer.swift */ = {isa = PBXFileReference; lastKnownFileType = sourcecode.swift; path = DeviationTrainer.swift; sourceTree = "<group>"; };
		C7D35732C70EB138CD4848D4 /* CardImageTests.swift */ = {isa = PBXFileReference; lastKnownFileType = sourcecode.swift; path = CardImageTests.swift; sourceTree = "<group>"; };
		C9A9A50BB9ED98356FA418FB /* CHANGELOG.txt */ = {isa = PBXFileReference; lastKnownFileType = text; path = CHANGELOG.txt; sourceTree = "<group>"; };
		CA392F4E4A34C3BC514E68A8 /* RootTabView.swift */ = {isa = PBXFileReference; lastKnownFileType = sourcecode.swift; path = RootTabView.swift; sourceTree = "<group>"; };
		CCFA223B9420BDC9AD027B73 /* DeviationScenarioGeneratorTests.swift */ = {isa = PBXFileReference; lastKnownFileType = sourcecode.swift; path = DeviationScenarioGeneratorTests.swift; sourceTree = "<group>"; };
		CF4D671AA4A053AF40395078 /* CountingEngine.swift */ = {isa = PBXFileReference; lastKnownFileType = sourcecode.swift; path = CountingEngine.swift; sourceTree = "<group>"; };
		D07A16802F2169B099AE3D66 /* CardGeneratorTests.swift */ = {isa = PBXFileReference; lastKnownFileType = sourcecode.swift; path = CardGeneratorTests.swift; sourceTree = "<group>"; };
		D0DAE402AA61CF04300B0AF9 /* CardImage.swift */ = {isa = PBXFileReference; lastKnownFileType = sourcecode.swift; path = CardImage.swift; sourceTree = "<group>"; };
		D52EF9B7479E51758C09565B /* basic-strategy-vectors.json */ = {isa = PBXFileReference; lastKnownFileType = text.json; path = "basic-strategy-vectors.json"; sourceTree = "<group>"; };
		D646C0CD8526C8E211E25C42 /* COPYING.txt */ = {isa = PBXFileReference; lastKnownFileType = text; path = COPYING.txt; sourceTree = "<group>"; };
		D730EDEF484D1CCCE5B281C1 /* CountingParityTests.swift */ = {isa = PBXFileReference; lastKnownFileType = sourcecode.swift; path = CountingParityTests.swift; sourceTree = "<group>"; };
		D9BB02017204C216ACEDAB62 /* counting-systems.json */ = {isa = PBXFileReference; lastKnownFileType = text.json; path = "counting-systems.json"; sourceTree = "<group>"; };
		DE80FB44276C2813F39EC18F /* StatsPanelView.swift */ = {isa = PBXFileReference; lastKnownFileType = sourcecode.swift; path = StatsPanelView.swift; sourceTree = "<group>"; };
		E69A95A626303D8499464CCC /* CountingView.swift */ = {isa = PBXFileReference; lastKnownFileType = sourcecode.swift; path = CountingView.swift; sourceTree = "<group>"; };
		E94C977CD3606FA31236F02A /* Hand.swift */ = {isa = PBXFileReference; lastKnownFileType = sourcecode.swift; path = Hand.swift; sourceTree = "<group>"; };
		E96987FAD78F068E0FF56D55 /* showdown-vectors.json */ = {isa = PBXFileReference; lastKnownFileType = text.json; path = "showdown-vectors.json"; sourceTree = "<group>"; };
		EEF70F593374993ECA4C38A4 /* Shoe.swift */ = {isa = PBXFileReference; lastKnownFileType = sourcecode.swift; path = Shoe.swift; sourceTree = "<group>"; };
		F423E49F3EE23CE7C3E35ABB /* DeviationEngine.swift */ = {isa = PBXFileReference; lastKnownFileType = sourcecode.swift; path = DeviationEngine.swift; sourceTree = "<group>"; };
		FC45F6CF6A7EA6DA43DE0C6C /* BasicStrategyModelTests.swift */ = {isa = PBXFileReference; lastKnownFileType = sourcecode.swift; path = BasicStrategyModelTests.swift; sourceTree = "<group>"; };
/* End PBXFileReference section */

/* Begin PBXGroup section */
		3291CEFAE7AFDD8D91126C45 /* Fixtures */ = {
			isa = PBXGroup;
			children = (
				D52EF9B7479E51758C09565B /* basic-strategy-vectors.json */,
				A6556669B8FAFE12C55367F9 /* charts.json */,
				D9BB02017204C216ACEDAB62 /* counting-systems.json */,
				A039C5E6271C7F1C7AFECA72 /* counting-vectors.json */,
				15F33EF1E2388D4C0EE28E6B /* deviation-vectors.json */,
				E96987FAD78F068E0FF56D55 /* showdown-vectors.json */,
			);
			path = Fixtures;
			sourceTree = "<group>";
		};
		3B9DA7A0F74320A38AB4F2C5 /* Resources */ = {
			isa = PBXGroup;
			children = (
				F472D55D6DCBFFF908B9564D /* Licenses */,
				BD423D666F3BBEA240356B18 /* Assets.xcassets */,
			);
			path = Resources;
			sourceTree = "<group>";
		};
		3BF7F4E961B09E3B81401189 /* Products */ = {
			isa = PBXGroup;
			children = (
				98AC306A85F2BCC5BE60F1E3 /* BlackjackTrainer.app */,
				5A74F8324193BA0A96DB8B29 /* BlackjackTrainerTests.xctest */,
			);
			name = Products;
			sourceTree = "<group>";
		};
		477D63C730E2DF082939198E = {
			isa = PBXGroup;
			children = (
				BA5B6DC3783657AD2D507AEA /* BlackjackTrainer */,
				60A14F20C405F6B0712C910B /* BlackjackTrainerTests */,
				3291CEFAE7AFDD8D91126C45 /* Fixtures */,
				3BF7F4E961B09E3B81401189 /* Products */,
			);
			sourceTree = "<group>";
		};
		4AD3FC17EC94E310D5FEC089 /* Components */ = {
			isa = PBXGroup;
			children = (
				6A64DE6664C81E82AA4D8054 /* ActionButtonsView.swift */,
				6A15361EC27E9DF33A89716E /* BlackjackTableView.swift */,
				A06878A6AE71D6BE3C20EB17 /* FeedbackShellView.swift */,
				56D03F7A78236CB3E5505245 /* HardwareKeyboard.swift */,
				C4278214D3A2C4A4D26D871E /* RuleControlsView.swift */,
				DE80FB44276C2813F39EC18F /* StatsPanelView.swift */,
			);
			path = Components;
			sourceTree = "<group>";
		};
		4E0173E3FDCF8F52331926BF /* Views */ = {
			isa = PBXGroup;
			children = (
				4AD3FC17EC94E310D5FEC089 /* Components */,
				565A9F075107D402A81A17FB /* Screens */,
				0E938F0CC74CC666924D7E3E /* AboutView.swift */,
				D0DAE402AA61CF04300B0AF9 /* CardImage.swift */,
			);
			path = Views;
			sourceTree = "<group>";
		};
		565A9F075107D402A81A17FB /* Screens */ = {
			isa = PBXGroup;
			children = (
				17D37EE0DCEE76979C4B31A9 /* BasicStrategyView.swift */,
				232402DABC1D385D19FC8B05 /* CountAnswerView.swift */,
				3F0F142E7986FA01C30FBDC9 /* CountFeedbackView.swift */,
				58E087668BAE429A0E764D17 /* CountingModel.swift */,
				E69A95A626303D8499464CCC /* CountingView.swift */,
				501FF9BB16087E1BE634AD19 /* DeckEstimateView.swift */,
				08D4FC18F08DE6A54FB21E10 /* DeviationsView.swift */,
				165C075DFEF13830088AC4E9 /* ShowdownView.swift */,
			);
			path = Screens;
			sourceTree = "<group>";
		};
		60A14F20C405F6B0712C910B /* BlackjackTrainerTests */ = {
			isa = PBXGroup;
			children = (
				D3C3454DE9F5E547D2DEC0BA /* Support */,
				6E38CEB24905B810A63FC4E4 /* AppModelTests.swift */,
				FC45F6CF6A7EA6DA43DE0C6C /* BasicStrategyModelTests.swift */,
				825AB70D2C6317662368AC83 /* BasicStrategyParityTests.swift */,
				D07A16802F2169B099AE3D66 /* CardGeneratorTests.swift */,
				22F61940A575094590E7A1D7 /* CardHandTests.swift */,
				C7D35732C70EB138CD4848D4 /* CardImageTests.swift */,
				705F836831ED5AA3612EC1A6 /* CountingDrillTests.swift */,
				01B4AFDADA3CF8230C9FA589 /* CountingModelTests.swift */,
				D730EDEF484D1CCCE5B281C1 /* CountingParityTests.swift */,
				BA0B879E8B1D853622E0CC86 /* DataLayerTests.swift */,
				80916791F08727E4F1F41C6E /* DeviationFeedbackTests.swift */,
				18C6C68585013F882B690DA5 /* DeviationParityTests.swift */,
				CCFA223B9420BDC9AD027B73 /* DeviationScenarioGeneratorTests.swift */,
				867510EEE90AB06BAEA53ECE /* DeviationsModelTests.swift */,
				645F62DA06D6384BB1E98209 /* SharedComponentsTests.swift */,
				3D44944317BBDF4871E4996D /* ShoeFactoryTests.swift */,
				B1A14FE863E2084BF0AC794D /* ShowdownModelTests.swift */,
				786E4951CEEAFF7A09457F30 /* ShowdownParityTests.swift */,
				0CDF8C0414B1B8AF850B0DF5 /* SmokeTests.swift */,
				40DA33CFF9EA9742E7504A05 /* StatsStoreTests.swift */,
			);
			path = BlackjackTrainerTests;
			sourceTree = "<group>";
		};
		60F72B2CA0DA05BB01E12CB3 /* App */ = {
			isa = PBXGroup;
			children = (
				45B95CDB1F240EEC3FC88326 /* AppModel.swift */,
				70F62C66DE7F2F32BDF25DEE /* Theme.swift */,
			);
			path = App;
			sourceTree = "<group>";
		};
		9AAE53BA5E1CF49B144A637F /* Engine */ = {
			isa = PBXGroup;
			children = (
				412EEBB6BE3B2274CC4757FB /* BasicStrategyEngine.swift */,
				AC3A18A1400C61F3B32D13F1 /* Card.swift */,
				7B1046B13D6373233EEA1F35 /* CardCounting.swift */,
				2705BBD8AAF017C2486055AE /* CardGenerator.swift */,
				CF4D671AA4A053AF40395078 /* CountingEngine.swift */,
				12BE32AD13FB36B33BAA1B8A /* CountingSystem.swift */,
				0896F4168F59A3A9EBFF7CDE /* Deviation.swift */,
				F423E49F3EE23CE7C3E35ABB /* DeviationEngine.swift */,
				AACC2CA555089684205FE973 /* DeviationScenarioGenerator.swift */,
				C64CBE362221FD3923975DBF /* DeviationTrainer.swift */,
				2E31BAB1CB5F4A5CE16EFDD5 /* GameData.swift */,
				E94C977CD3606FA31236F02A /* Hand.swift */,
				B9F3808F8AC15DEF1BE4DE1B /* Keyboard.swift */,
				EEF70F593374993ECA4C38A4 /* Shoe.swift */,
				1686420A2590C6534E31F3E2 /* ShoeFactory.swift */,
				B174892CC11A60C0F530B406 /* Showdown.swift */,
				577C951192BCC781DBE8EBDD /* Strategy.swift */,
				78DC33D28D09EB8697F6D833 /* StrategyChart.swift */,
			);
			path = Engine;
			sourceTree = "<group>";
		};
		BA5B6DC3783657AD2D507AEA /* BlackjackTrainer */ = {
			isa = PBXGroup;
			children = (
				60F72B2CA0DA05BB01E12CB3 /* App */,
				9AAE53BA5E1CF49B144A637F /* Engine */,
				3B9DA7A0F74320A38AB4F2C5 /* Resources */,
				DD6EBFCEAFE637A61D6F6F4C /* Stores */,
				4E0173E3FDCF8F52331926BF /* Views */,
				C359E507A88490DEB624D413 /* BlackjackTrainerApp.swift */,
				CA392F4E4A34C3BC514E68A8 /* RootTabView.swift */,
			);
			path = BlackjackTrainer;
			sourceTree = "<group>";
		};
		D3C3454DE9F5E547D2DEC0BA /* Support */ = {
			isa = PBXGroup;
			children = (
				6EDEA06AB0AD95400DD8619E /* FixtureModels.swift */,
				09C557C64B5EC75385C98395 /* Fixtures.swift */,
			);
			path = Support;
			sourceTree = "<group>";
		};
		DD6EBFCEAFE637A61D6F6F4C /* Stores */ = {
			isa = PBXGroup;
			children = (
				2A3B7FB8E53D8E1DEAAEE93B /* StatsModels.swift */,
				92869AF24C67B01CE515A238 /* StatsStore.swift */,
			);
			path = Stores;
			sourceTree = "<group>";
		};
		F472D55D6DCBFFF908B9564D /* Licenses */ = {
			isa = PBXGroup;
			children = (
				25A35DC18D354F2C90FF460B /* AUTHORS.txt */,
				C9A9A50BB9ED98356FA418FB /* CHANGELOG.txt */,
				4C391C226F94DEFB8E908E8A /* COPYING.LESSER.txt */,
				D646C0CD8526C8E211E25C42 /* COPYING.txt */,
			);
			path = Licenses;
			sourceTree = "<group>";
		};
/* End PBXGroup section */

/* Begin PBXNativeTarget section */
		29F08F9EE4597A6E8C6ECD80 /* BlackjackTrainer */ = {
			isa = PBXNativeTarget;
			buildConfigurationList = 28DCAF47377CB80A69E24535 /* Build configuration list for PBXNativeTarget "BlackjackTrainer" */;
			buildPhases = (
				0C596A8C3ECB8375344A3A58 /* Sources */,
				EDB7CEBA76E533F3BF2A111C /* Resources */,
			);
			buildRules = (
			);
			dependencies = (
			);
			name = BlackjackTrainer;
			packageProductDependencies = (
			);
			productName = BlackjackTrainer;
			productReference = 98AC306A85F2BCC5BE60F1E3 /* BlackjackTrainer.app */;
			productType = "com.apple.product-type.application";
		};
		6AF2030EE9EFE513F882230F /* BlackjackTrainerTests */ = {
			isa = PBXNativeTarget;
			buildConfigurationList = BF16C0AFC9168E4CF0227A2B /* Build configuration list for PBXNativeTarget "BlackjackTrainerTests" */;
			buildPhases = (
				C4AD94EC8794386ADD0BBFAB /* Sources */,
				65D3F56E42D5FA83871F2352 /* Resources */,
			);
			buildRules = (
			);
			dependencies = (
				A9FFA7079805A8E05DE51BB3 /* PBXTargetDependency */,
			);
			name = BlackjackTrainerTests;
			packageProductDependencies = (
			);
			productName = BlackjackTrainerTests;
			productReference = 5A74F8324193BA0A96DB8B29 /* BlackjackTrainerTests.xctest */;
			productType = "com.apple.product-type.bundle.unit-test";
		};
/* End PBXNativeTarget section */

/* Begin PBXProject section */
		641CD8DA4F1E7BE41FD6171C /* Project object */ = {
			isa = PBXProject;
			attributes = {
				BuildIndependentTargetsInParallel = YES;
				LastUpgradeCheck = 1430;
				TargetAttributes = {
					29F08F9EE4597A6E8C6ECD80 = {
						DevelopmentTeam = "";
						ProvisioningStyle = Automatic;
					};
					6AF2030EE9EFE513F882230F = {
						DevelopmentTeam = "";
						ProvisioningStyle = Automatic;
					};
				};
			};
			buildConfigurationList = A60BF1B1C3FC0795423FF2B8 /* Build configuration list for PBXProject "BlackjackTrainer" */;
			developmentRegion = en;
			hasScannedForEncodings = 0;
			knownRegions = (
				Base,
				en,
			);
			mainGroup = 477D63C730E2DF082939198E;
			minimizedProjectReferenceProxies = 1;
			preferredProjectObjectVersion = 77;
			productRefGroup = 3BF7F4E961B09E3B81401189 /* Products */;
			projectDirPath = "";
			projectRoot = "";
			targets = (
				29F08F9EE4597A6E8C6ECD80 /* BlackjackTrainer */,
				6AF2030EE9EFE513F882230F /* BlackjackTrainerTests */,
			);
		};
/* End PBXProject section */

/* Begin PBXResourcesBuildPhase section */
		65D3F56E42D5FA83871F2352 /* Resources */ = {
			isa = PBXResourcesBuildPhase;
			buildActionMask = 2147483647;
			files = (
				386E32FE6EC444B9D31E527A /* basic-strategy-vectors.json in Resources */,
				2C2BD8A7B0B54F9C5D1A3704 /* charts.json in Resources */,
				284AFBB818EAAC119ACBFDFC /* counting-systems.json in Resources */,
				DBE51B6B16BCDF2D61562892 /* counting-vectors.json in Resources */,
				8BF8225B5B5683063C0901C3 /* deviation-vectors.json in Resources */,
				11723EBF74A70F6A5257E0CD /* showdown-vectors.json in Resources */,
			);
			runOnlyForDeploymentPostprocessing = 0;
		};
		EDB7CEBA76E533F3BF2A111C /* Resources */ = {
			isa = PBXResourcesBuildPhase;
			buildActionMask = 2147483647;
			files = (
				488D636848CD51976F413918 /* AUTHORS.txt in Resources */,
				FB6013BDD0180F75072AE565 /* Assets.xcassets in Resources */,
				9D8B454F0AC4F6A999B78902 /* CHANGELOG.txt in Resources */,
				737978C330F4F9CB41FDC9FF /* COPYING.LESSER.txt in Resources */,
				D64887099FD3A74A49D1E6DB /* COPYING.txt in Resources */,
				305BF7C658768E40E98B280B /* charts.json in Resources */,
				7208BDF07124A909B973F40D /* counting-systems.json in Resources */,
			);
			runOnlyForDeploymentPostprocessing = 0;
		};
/* End PBXResourcesBuildPhase section */

/* Begin PBXSourcesBuildPhase section */
		0C596A8C3ECB8375344A3A58 /* Sources */ = {
			isa = PBXSourcesBuildPhase;
			buildActionMask = 2147483647;
			files = (
				0C9DCB1AD32F6624AB2541F4 /* AboutView.swift in Sources */,
				02C134286C4B417D1AF060DF /* ActionButtonsView.swift in Sources */,
				94843E9634E49F20DAD75618 /* AppModel.swift in Sources */,
				BA5DE4E164B9DD95D3D4D36A /* BasicStrategyEngine.swift in Sources */,
				3A74F45037FD6FA9B90F07CE /* BasicStrategyView.swift in Sources */,
				DB3622622CA10DC9E1416CE4 /* BlackjackTableView.swift in Sources */,
				DDEAA480768F763AC0404C2B /* BlackjackTrainerApp.swift in Sources */,
				ED40B991FC2DEDC8BA58ADD7 /* Card.swift in Sources */,
				C800EE2297C6AF0CB9999B6A /* CardCounting.swift in Sources */,
				53E0D784E52D67FE0E0D7D30 /* CardGenerator.swift in Sources */,
				AE6F2FE0E95A40C9E21207A8 /* CardImage.swift in Sources */,
				2D528424128E711BB0F538BD /* CountAnswerView.swift in Sources */,
				846B2EEF3BB562DEE492DE65 /* CountFeedbackView.swift in Sources */,
				F6C919CA4ED0021197E1F128 /* CountingEngine.swift in Sources */,
				B5858C42E92C2DBF9419764B /* CountingModel.swift in Sources */,
				5DB30E135B7A136CDC249DC4 /* CountingSystem.swift in Sources */,
				5426F4C307C738A4E0CDD151 /* CountingView.swift in Sources */,
				2DE5D31F660953706B611AC6 /* DeckEstimateView.swift in Sources */,
				5AF9B9674E93ACAEF2C9D226 /* Deviation.swift in Sources */,
				6E1A2AA4CC616FC93B1C6DBD /* DeviationEngine.swift in Sources */,
				26F2A7EFD436472155454735 /* DeviationScenarioGenerator.swift in Sources */,
				4C357F27214321B492EA280F /* DeviationTrainer.swift in Sources */,
				05A5C0884C0EF2BC7798201C /* DeviationsView.swift in Sources */,
				3FD4BF64CAFAE561BCADE811 /* FeedbackShellView.swift in Sources */,
				320D2B7B79708BB8EA3EA3D5 /* GameData.swift in Sources */,
				FECDA79A9CA43DFD1CAC1855 /* Hand.swift in Sources */,
				CCF53B5EC96C4C0EF2F84921 /* HardwareKeyboard.swift in Sources */,
				A92CDBEB90E70B6B983D8C5D /* Keyboard.swift in Sources */,
				45BA9B9281DD3E44F7D4BBEE /* RootTabView.swift in Sources */,
				5486C1B108D1CEE024BC8BE8 /* RuleControlsView.swift in Sources */,
				15D8DA3209658F589B896F3D /* Shoe.swift in Sources */,
				0672F0196E2D44640C38AE91 /* ShoeFactory.swift in Sources */,
				CD5DF8C13DB099C1784832CB /* Showdown.swift in Sources */,
				8A5FCA013C37B817EE6309EA /* ShowdownView.swift in Sources */,
				3D06500A85C04C83F3E882BD /* StatsModels.swift in Sources */,
				1725C1780292E9BEAB8D9C6B /* StatsPanelView.swift in Sources */,
				A0FAF8E256C05D8BE1293316 /* StatsStore.swift in Sources */,
				DAA0754AABD5AAFC8003BF86 /* Strategy.swift in Sources */,
				8F6FD9EB91B2EBBFAE4EC568 /* StrategyChart.swift in Sources */,
				71E8DC4F7A50BA7406DE81F9 /* Theme.swift in Sources */,
			);
			runOnlyForDeploymentPostprocessing = 0;
		};
		C4AD94EC8794386ADD0BBFAB /* Sources */ = {
			isa = PBXSourcesBuildPhase;
			buildActionMask = 2147483647;
			files = (
				1D678812320D7F3EB2147C24 /* AppModelTests.swift in Sources */,
				AD8CEF17C16BE870BECFA4D3 /* BasicStrategyModelTests.swift in Sources */,
				98D26850C6A96B642A438808 /* BasicStrategyParityTests.swift in Sources */,
				751F87683B0C43F746AE71BE /* CardGeneratorTests.swift in Sources */,
				55C4A5D71E0995E7E51A7E45 /* CardHandTests.swift in Sources */,
				4DC171F2E11923E6F13DE2DF /* CardImageTests.swift in Sources */,
				33492E9B5E4EF3FF48BC4CE1 /* CountingDrillTests.swift in Sources */,
				BD6E7BF5AA767DA6D790CF8D /* CountingModelTests.swift in Sources */,
				CA4D608DD9DB115BD8BEDD6B /* CountingParityTests.swift in Sources */,
				6513222E1254F0172453951E /* DataLayerTests.swift in Sources */,
				039F744E1918FABE31519289 /* DeviationFeedbackTests.swift in Sources */,
				AD5CA329F1BC4A32BF660060 /* DeviationParityTests.swift in Sources */,
				8124C2BFD8BA1EE68E269E3C /* DeviationScenarioGeneratorTests.swift in Sources */,
				D83606F3A43703FD227F6FCA /* DeviationsModelTests.swift in Sources */,
				03F7F5ECA52EBC1FAE906F90 /* FixtureModels.swift in Sources */,
				FCC977E6B3D658140C018C91 /* Fixtures.swift in Sources */,
				30715FEEF950524036747DC0 /* SharedComponentsTests.swift in Sources */,
				9C4B22D42A6A12BC4DC5C62E /* ShoeFactoryTests.swift in Sources */,
				D2AB7ED7BE3625300AACE48F /* ShowdownModelTests.swift in Sources */,
				EE1BBDF8E6F169D9A24CDA81 /* ShowdownParityTests.swift in Sources */,
				5ACE6A73BE71B4664EF7B2BD /* SmokeTests.swift in Sources */,
				EEAEAB42B68664042D826147 /* StatsStoreTests.swift in Sources */,
			);
			runOnlyForDeploymentPostprocessing = 0;
		};
/* End PBXSourcesBuildPhase section */

/* Begin PBXTargetDependency section */
		A9FFA7079805A8E05DE51BB3 /* PBXTargetDependency */ = {
			isa = PBXTargetDependency;
			target = 29F08F9EE4597A6E8C6ECD80 /* BlackjackTrainer */;
			targetProxy = 033E44E53D139C59D4161776 /* PBXContainerItemProxy */;
		};
/* End PBXTargetDependency section */

/* Begin XCBuildConfiguration section */
		23402F8605E5F8A1BC15B860 /* Release */ = {
			isa = XCBuildConfiguration;
			buildSettings = {
				ASSETCATALOG_COMPILER_APPICON_NAME = AppIcon;
				CODE_SIGN_IDENTITY = "iPhone Developer";
				CURRENT_PROJECT_VERSION = 1;
				GENERATE_INFOPLIST_FILE = YES;
				INFOPLIST_KEY_CFBundleDisplayName = "Blackjack Trainer";
				INFOPLIST_KEY_UIApplicationSceneManifest_Generation = YES;
				INFOPLIST_KEY_UILaunchScreen_Generation = YES;
				INFOPLIST_KEY_UISupportedInterfaceOrientations = UIInterfaceOrientationPortrait;
				INFOPLIST_KEY_UISupportedInterfaceOrientations_iPad = "UIInterfaceOrientationPortrait UIInterfaceOrientationPortraitUpsideDown UIInterfaceOrientationLandscapeLeft UIInterfaceOrientationLandscapeRight";
				INFOPLIST_KEY_UIUserInterfaceStyle = Dark;
				LD_RUNPATH_SEARCH_PATHS = (
					"$(inherited)",
					"@executable_path/Frameworks",
				);
				MARKETING_VERSION = 1.0;
				PRODUCT_BUNDLE_IDENTIFIER = com.blackjacktrainer.app;
				PRODUCT_NAME = BlackjackTrainer;
				SDKROOT = iphoneos;
				TARGETED_DEVICE_FAMILY = "1,2";
			};
			name = Release;
		};
		596354491307C5EADC017918 /* Debug */ = {
			isa = XCBuildConfiguration;
			buildSettings = {
				ALWAYS_SEARCH_USER_PATHS = NO;
				CLANG_ANALYZER_NONNULL = YES;
				CLANG_ANALYZER_NUMBER_OBJECT_CONVERSION = YES_AGGRESSIVE;
				CLANG_CXX_LANGUAGE_STANDARD = "gnu++14";
				CLANG_CXX_LIBRARY = "libc++";
				CLANG_ENABLE_MODULES = YES;
				CLANG_ENABLE_OBJC_ARC = YES;
				CLANG_ENABLE_OBJC_WEAK = YES;
				CLANG_WARN_BLOCK_CAPTURE_AUTORELEASING = YES;
				CLANG_WARN_BOOL_CONVERSION = YES;
				CLANG_WARN_COMMA = YES;
				CLANG_WARN_CONSTANT_CONVERSION = YES;
				CLANG_WARN_DEPRECATED_OBJC_IMPLEMENTATIONS = YES;
				CLANG_WARN_DIRECT_OBJC_ISA_USAGE = YES_ERROR;
				CLANG_WARN_DOCUMENTATION_COMMENTS = YES;
				CLANG_WARN_EMPTY_BODY = YES;
				CLANG_WARN_ENUM_CONVERSION = YES;
				CLANG_WARN_INFINITE_RECURSION = YES;
				CLANG_WARN_INT_CONVERSION = YES;
				CLANG_WARN_NON_LITERAL_NULL_CONVERSION = YES;
				CLANG_WARN_OBJC_IMPLICIT_RETAIN_SELF = YES;
				CLANG_WARN_OBJC_LITERAL_CONVERSION = YES;
				CLANG_WARN_OBJC_ROOT_CLASS = YES_ERROR;
				CLANG_WARN_QUOTED_INCLUDE_IN_FRAMEWORK_HEADER = YES;
				CLANG_WARN_RANGE_LOOP_ANALYSIS = YES;
				CLANG_WARN_STRICT_PROTOTYPES = YES;
				CLANG_WARN_SUSPICIOUS_MOVE = YES;
				CLANG_WARN_UNGUARDED_AVAILABILITY = YES_AGGRESSIVE;
				CLANG_WARN_UNREACHABLE_CODE = YES;
				CLANG_WARN__DUPLICATE_METHOD_MATCH = YES;
				CODE_SIGNING_ALLOWED = NO;
				CODE_SIGNING_REQUIRED = NO;
				CODE_SIGN_STYLE = Automatic;
				COPY_PHASE_STRIP = NO;
				DEBUG_INFORMATION_FORMAT = dwarf;
				DEVELOPMENT_TEAM = "";
				ENABLE_STRICT_OBJC_MSGSEND = YES;
				ENABLE_TESTABILITY = YES;
				GCC_C_LANGUAGE_STANDARD = gnu11;
				GCC_DYNAMIC_NO_PIC = NO;
				GCC_NO_COMMON_BLOCKS = YES;
				GCC_OPTIMIZATION_LEVEL = 0;
				GCC_PREPROCESSOR_DEFINITIONS = (
					"$(inherited)",
					"DEBUG=1",
				);
				GCC_WARN_64_TO_32_BIT_CONVERSION = YES;
				GCC_WARN_ABOUT_RETURN_TYPE = YES_ERROR;
				GCC_WARN_UNDECLARED_SELECTOR = YES;
				GCC_WARN_UNINITIALIZED_AUTOS = YES_AGGRESSIVE;
				GCC_WARN_UNUSED_FUNCTION = YES;
				GCC_WARN_UNUSED_VARIABLE = YES;
				IPHONEOS_DEPLOYMENT_TARGET = 17.0;
				MTL_ENABLE_DEBUG_INFO = INCLUDE_SOURCE;
				MTL_FAST_MATH = YES;
				ONLY_ACTIVE_ARCH = YES;
				PRODUCT_NAME = "$(TARGET_NAME)";
				SDKROOT = iphoneos;
				SWIFT_ACTIVE_COMPILATION_CONDITIONS = DEBUG;
				SWIFT_OPTIMIZATION_LEVEL = "-Onone";
				SWIFT_STRICT_CONCURRENCY = minimal;
				SWIFT_VERSION = 5.0;
			};
			name = Debug;
		};
		67E0071FFA50CDAAC40226E7 /* Release */ = {
			isa = XCBuildConfiguration;
			buildSettings = {
				BUNDLE_LOADER = "$(TEST_HOST)";
				GENERATE_INFOPLIST_FILE = YES;
				LD_RUNPATH_SEARCH_PATHS = (
					"$(inherited)",
					"@executable_path/Frameworks",
					"@loader_path/Frameworks",
				);
				PRODUCT_BUNDLE_IDENTIFIER = com.blackjacktrainer.tests;
				SDKROOT = iphoneos;
				TARGETED_DEVICE_FAMILY = "1,2";
				TEST_HOST = "$(BUILT_PRODUCTS_DIR)/BlackjackTrainer.app/BlackjackTrainer";
			};
			name = Release;
		};
		76E8838C35C093C3D9D2477A /* Debug */ = {
			isa = XCBuildConfiguration;
			buildSettings = {
				BUNDLE_LOADER = "$(TEST_HOST)";
				GENERATE_INFOPLIST_FILE = YES;
				LD_RUNPATH_SEARCH_PATHS = (
					"$(inherited)",
					"@executable_path/Frameworks",
					"@loader_path/Frameworks",
				);
				PRODUCT_BUNDLE_IDENTIFIER = com.blackjacktrainer.tests;
				SDKROOT = iphoneos;
				TARGETED_DEVICE_FAMILY = "1,2";
				TEST_HOST = "$(BUILT_PRODUCTS_DIR)/BlackjackTrainer.app/BlackjackTrainer";
			};
			name = Debug;
		};
		D348F1764F7A20B5E7500812 /* Debug */ = {
			isa = XCBuildConfiguration;
			buildSettings = {
				ASSETCATALOG_COMPILER_APPICON_NAME = AppIcon;
				CODE_SIGN_IDENTITY = "iPhone Developer";
				CURRENT_PROJECT_VERSION = 1;
				GENERATE_INFOPLIST_FILE = YES;
				INFOPLIST_KEY_CFBundleDisplayName = "Blackjack Trainer";
				INFOPLIST_KEY_UIApplicationSceneManifest_Generation = YES;
				INFOPLIST_KEY_UILaunchScreen_Generation = YES;
				INFOPLIST_KEY_UISupportedInterfaceOrientations = UIInterfaceOrientationPortrait;
				INFOPLIST_KEY_UISupportedInterfaceOrientations_iPad = "UIInterfaceOrientationPortrait UIInterfaceOrientationPortraitUpsideDown UIInterfaceOrientationLandscapeLeft UIInterfaceOrientationLandscapeRight";
				INFOPLIST_KEY_UIUserInterfaceStyle = Dark;
				LD_RUNPATH_SEARCH_PATHS = (
					"$(inherited)",
					"@executable_path/Frameworks",
				);
				MARKETING_VERSION = 1.0;
				PRODUCT_BUNDLE_IDENTIFIER = com.blackjacktrainer.app;
				PRODUCT_NAME = BlackjackTrainer;
				SDKROOT = iphoneos;
				TARGETED_DEVICE_FAMILY = "1,2";
			};
			name = Debug;
		};
		EE87213A05391B3EBBA29F94 /* Release */ = {
			isa = XCBuildConfiguration;
			buildSettings = {
				ALWAYS_SEARCH_USER_PATHS = NO;
				CLANG_ANALYZER_NONNULL = YES;
				CLANG_ANALYZER_NUMBER_OBJECT_CONVERSION = YES_AGGRESSIVE;
				CLANG_CXX_LANGUAGE_STANDARD = "gnu++14";
				CLANG_CXX_LIBRARY = "libc++";
				CLANG_ENABLE_MODULES = YES;
				CLANG_ENABLE_OBJC_ARC = YES;
				CLANG_ENABLE_OBJC_WEAK = YES;
				CLANG_WARN_BLOCK_CAPTURE_AUTORELEASING = YES;
				CLANG_WARN_BOOL_CONVERSION = YES;
				CLANG_WARN_COMMA = YES;
				CLANG_WARN_CONSTANT_CONVERSION = YES;
				CLANG_WARN_DEPRECATED_OBJC_IMPLEMENTATIONS = YES;
				CLANG_WARN_DIRECT_OBJC_ISA_USAGE = YES_ERROR;
				CLANG_WARN_DOCUMENTATION_COMMENTS = YES;
				CLANG_WARN_EMPTY_BODY = YES;
				CLANG_WARN_ENUM_CONVERSION = YES;
				CLANG_WARN_INFINITE_RECURSION = YES;
				CLANG_WARN_INT_CONVERSION = YES;
				CLANG_WARN_NON_LITERAL_NULL_CONVERSION = YES;
				CLANG_WARN_OBJC_IMPLICIT_RETAIN_SELF = YES;
				CLANG_WARN_OBJC_LITERAL_CONVERSION = YES;
				CLANG_WARN_OBJC_ROOT_CLASS = YES_ERROR;
				CLANG_WARN_QUOTED_INCLUDE_IN_FRAMEWORK_HEADER = YES;
				CLANG_WARN_RANGE_LOOP_ANALYSIS = YES;
				CLANG_WARN_STRICT_PROTOTYPES = YES;
				CLANG_WARN_SUSPICIOUS_MOVE = YES;
				CLANG_WARN_UNGUARDED_AVAILABILITY = YES_AGGRESSIVE;
				CLANG_WARN_UNREACHABLE_CODE = YES;
				CLANG_WARN__DUPLICATE_METHOD_MATCH = YES;
				CODE_SIGNING_ALLOWED = NO;
				CODE_SIGNING_REQUIRED = NO;
				CODE_SIGN_STYLE = Automatic;
				COPY_PHASE_STRIP = NO;
				DEBUG_INFORMATION_FORMAT = "dwarf-with-dsym";
				DEVELOPMENT_TEAM = "";
				ENABLE_NS_ASSERTIONS = NO;
				ENABLE_STRICT_OBJC_MSGSEND = YES;
				GCC_C_LANGUAGE_STANDARD = gnu11;
				GCC_NO_COMMON_BLOCKS = YES;
				GCC_WARN_64_TO_32_BIT_CONVERSION = YES;
				GCC_WARN_ABOUT_RETURN_TYPE = YES_ERROR;
				GCC_WARN_UNDECLARED_SELECTOR = YES;
				GCC_WARN_UNINITIALIZED_AUTOS = YES_AGGRESSIVE;
				GCC_WARN_UNUSED_FUNCTION = YES;
				GCC_WARN_UNUSED_VARIABLE = YES;
				IPHONEOS_DEPLOYMENT_TARGET = 17.0;
				MTL_ENABLE_DEBUG_INFO = NO;
				MTL_FAST_MATH = YES;
				PRODUCT_NAME = "$(TARGET_NAME)";
				SDKROOT = iphoneos;
				SWIFT_COMPILATION_MODE = wholemodule;
				SWIFT_OPTIMIZATION_LEVEL = "-O";
				SWIFT_STRICT_CONCURRENCY = minimal;
				SWIFT_VERSION = 5.0;
			};
			name = Release;
		};
/* End XCBuildConfiguration section */

/* Begin XCConfigurationList section */
		28DCAF47377CB80A69E24535 /* Build configuration list for PBXNativeTarget "BlackjackTrainer" */ = {
			isa = XCConfigurationList;
			buildConfigurations = (
				D348F1764F7A20B5E7500812 /* Debug */,
				23402F8605E5F8A1BC15B860 /* Release */,
			);
			defaultConfigurationIsVisible = 0;
			defaultConfigurationName = Debug;
		};
		A60BF1B1C3FC0795423FF2B8 /* Build configuration list for PBXProject "BlackjackTrainer" */ = {
			isa = XCConfigurationList;
			buildConfigurations = (
				596354491307C5EADC017918 /* Debug */,
				EE87213A05391B3EBBA29F94 /* Release */,
			);
			defaultConfigurationIsVisible = 0;
			defaultConfigurationName = Debug;
		};
		BF16C0AFC9168E4CF0227A2B /* Build configuration list for PBXNativeTarget "BlackjackTrainerTests" */ = {
			isa = XCConfigurationList;
			buildConfigurations = (
				76E8838C35C093C3D9D2477A /* Debug */,
				67E0071FFA50CDAAC40226E7 /* Release */,
			);
			defaultConfigurationIsVisible = 0;
			defaultConfigurationName = Debug;
		};
/* End XCConfigurationList section */
	};
	rootObject = 641CD8DA4F1E7BE41FD6171C /* Project object */;
}
